
Microsoft Visual Studio Solution File, Format Version 12.00
# Visual Studio Version 17
VisualStudioVersion = 17.2.32630.192
MinimumVisualStudioVersion = 10.0.40219.1
Project("{FAE04EC0-301F-11D3-BF4B-00C04F79EFBC}") = "MyFirstAppWeb", "MyFirstAppWeb.csproj", "{62322385-AE69-4531-A579-F4D122CB2BA7}"
EndProject
Global
	GlobalSection(SolutionConfigurationPlatforms) = preSolution
		Debug|Any CPU = Debug|Any CPU
		Release|Any CPU = Release|Any CPU
	EndGlobalSection
	GlobalSection(ProjectConfigurationPlatforms) = postSolution
		{62322385-AE69-4531-A579-F4D122CB2BA7}.Debug|Any CPU.ActiveCfg = Debug|Any CPU
		{62322385-AE69-4531-A579-F4D122CB2BA7}.Debug|Any CPU.Build.0 = Debug|Any CPU
		{62322385-AE69-4531-A579-F4D122CB2BA7}.Release|Any CPU.ActiveCfg = Release|Any CPU
		{62322385-AE69-4531-A579-F4D122CB2BA7}.Release|Any CPU.Build.0 = Release|Any CPU
	EndGlobalSection
	GlobalSection(SolutionProperties) = preSolution
		HideSolutionNode = FALSE
	EndGlobalSection
	GlobalSection(ExtensibilityGlobals) = postSolution
		SolutionGuid = {F92A8C28-2FB9-4819-81D8-F9171E1EDEF6}
	EndGlobalSection
EndGlobal
